
Microsoft Visual Studio Solution File, Format Version 12.00
# Visual Studio Version 16
VisualStudioVersion = 16.0.29209.62
MinimumVisualStudioVersion = 10.0.40219.1
Project("{FAE04EC0-301F-11D3-BF4B-00C04F79EFBC}") = "TheStore", "TheStore\TheStore.csproj", "{9CE29186-58B7-4986-9192-910D0CCB8953}"
EndProject
Global
	GlobalSection(SolutionConfigurationPlatforms) = preSolution
		Debug|Any CPU = Debug|Any CPU
		Release|Any CPU = Release|Any CPU
	EndGlobalSection
	GlobalSection(ProjectConfigurationPlatforms) = postSolution
		{9CE29186-58B7-4986-9192-910D0CCB8953}.Debug|Any CPU.ActiveCfg = Debug|Any CPU
		{9CE29186-58B7-4986-9192-910D0CCB8953}.Debug|Any CPU.Build.0 = Debug|Any CPU
		{9CE29186-58B7-4986-9192-910D0CCB8953}.Release|Any CPU.ActiveCfg = Release|Any CPU
		{9CE29186-58B7-4986-9192-910D0CCB8953}.Release|Any CPU.Build.0 = Release|Any CPU
	EndGlobalSection
	GlobalSection(SolutionProperties) = preSolution
		HideSolutionNode = FALSE
	EndGlobalSection
	GlobalSection(ExtensibilityGlobals) = postSolution
		SolutionGuid = {2B477D16-DD68-446C-A890-A36DAC359223}
	EndGlobalSection
EndGlobal
